// !$*UTF8*$!
{
	archiveVersion = 1;
	classes = {
	};
	objectVersion = 46;
	objects = {

/* Begin PBXBuildFile section */
		54F4ED351C86C9C20031A9BB /* AppDelegate.swift in Sources */ = {isa = PBXBuildFile; fileRef = 54F4ED341C86C9C20031A9BB /* AppDelegate.swift */; };
		54F4ED371C86C9C20031A9BB /* ViewController.swift in Sources */ = {isa = PBXBuildFile; fileRef = 54F4ED361C86C9C20031A9BB /* ViewController.swift */; };
		54F4ED3A1C86C9C20031A9BB /* Main.storyboard in Resources */ = {isa = PBXBuildFile; fileRef = 54F4ED381C86C9C20031A9BB /* Main.storyboard */; };
		54F4ED3D1C86C9C20031A9BB /* EventsList.xcdatamodeld in Sources */ = {isa = PBXBuildFile; fileRef = 54F4ED3B1C86C9C20031A9BB /* EventsList.xcdatamodeld */; };
		54F4ED3F1C86C9C20031A9BB /* Assets.xcassets in Resources */ = {isa = PBXBuildFile; fileRef = 54F4ED3E1C86C9C20031A9BB /* Assets.xcassets */; };
		54F4ED421C86C9C20031A9BB /* LaunchScreen.storyboard in Resources */ = {isa = PBXBuildFile; fileRef = 54F4ED401C86C9C20031A9BB /* LaunchScreen.storyboard */; };
		54F4ED4D1C86C9C20031A9BB /* EventsListTests.swift in Sources */ = {isa = PBXBuildFile; fileRef = 54F4ED4C1C86C9C20031A9BB /* EventsListTests.swift */; };
		54F4ED581C86C9C20031A9BB /* EventsListUITests.swift in Sources */ = {isa = PBXBuildFile; fileRef = 54F4ED571C86C9C20031A9BB /* EventsListUITests.swift */; };
		54F4ED661C86CA890031A9BB /* MainIPad.storyboard in Resources */ = {isa = PBXBuildFile; fileRef = 54F4ED651C86CA890031A9BB /* MainIPad.storyboard */; };
		54F4ED681C86CBFC0031A9BB /* MainIPhoneCVC.swift in Sources */ = {isa = PBXBuildFile; fileRef = 54F4ED671C86CBFC0031A9BB /* MainIPhoneCVC.swift */; };
		54F4ED6A1C86CCF20031A9BB /* EventModel.swift in Sources */ = {isa = PBXBuildFile; fileRef = 54F4ED691C86CCF20031A9BB /* EventModel.swift */; };
		54F4ED6C1C86CD5E0031A9BB /* DataSource.swift in Sources */ = {isa = PBXBuildFile; fileRef = 54F4ED6B1C86CD5E0031A9BB /* DataSource.swift */; };
/* End PBXBuildFile section */

/* Begin PBXContainerItemProxy section */
		54F4ED491C86C9C20031A9BB /* PBXContainerItemProxy */ = {
			isa = PBXContainerItemProxy;
			containerPortal = 54F4ED291C86C9C10031A9BB /* Project object */;
			proxyType = 1;
			remoteGlobalIDString = 54F4ED301C86C9C10031A9BB;
			remoteInfo = EventsList;
		};
		54F4ED541C86C9C20031A9BB /* PBXContainerItemProxy */ = {
			isa = PBXContainerItemProxy;
			containerPortal = 54F4ED291C86C9C10031A9BB /* Project object */;
			proxyType = 1;
			remoteGlobalIDString = 54F4ED301C86C9C10031A9BB;
			remoteInfo = EventsList;
		};
/* End PBXContainerItemProxy section */

/* Begin PBXFileReference section */
		54F4ED311C86C9C20031A9BB /* EventsList.app */ = {isa = PBXFileReference; explicitFileType = wrapper.application; includeInIndex = 0; path = EventsList.app; sourceTree = BUILT_PRODUCTS_DIR; };
		54F4ED341C86C9C20031A9BB /* AppDelegate.swift */ = {isa = PBXFileReference; lastKnownFileType = sourcecode.swift; path = AppDelegate.swift; sourceTree = "<group>"; };
		54F4ED361C86C9C20031A9BB /* ViewController.swift */ = {isa = PBXFileReference; lastKnownFileType = sourcecode.swift; path = ViewController.swift; sourceTree = "<group>"; };
		54F4ED391C86C9C20031A9BB /* Base */ = {isa = PBXFileReference; lastKnownFileType = file.storyboard; name = Base; path = Base.lproj/Main.storyboard; sourceTree = "<group>"; };
		54F4ED3C1C86C9C20031A9BB /* EventsList.xcdatamodel */ = {isa = PBXFileReference; lastKnownFileType = wrapper.xcdatamodel; path = EventsList.xcdatamodel; sourceTree = "<group>"; };
		54F4ED3E1C86C9C20031A9BB /* Assets.xcassets */ = {isa = PBXFileReference; lastKnownFileType = folder.assetcatalog; path = Assets.xcassets; sourceTree = "<group>"; };
		54F4ED411C86C9C20031A9BB /* Base */ = {isa = PBXFileReference; lastKnownFileType = file.storyboard; name = Base; path = Base.lproj/LaunchScreen.storyboard; sourceTree = "<group>"; };
		54F4ED431C86C9C20031A9BB /* Info.plist */ = {isa = PBXFileReference; lastKnownFileType = text.plist.xml; path = Info.plist; sourceTree = "<group>"; };
		54F4ED481C86C9C20031A9BB /* EventsListTests.xctest */ = {isa = PBXFileReference; explicitFileType = wrapper.cfbundle; includeInIndex = 0; path = EventsListTests.xctest; sourceTree = BUILT_PRODUCTS_DIR; };
		54F4ED4C1C86C9C20031A9BB /* EventsListTests.swift */ = {isa = PBXFileReference; lastKnownFileType = sourcecode.swift; path = EventsListTests.swift; sourceTree = "<group>"; };
		54F4ED4E1C86C9C20031A9BB /* Info.plist */ = {isa = PBXFileReference; lastKnownFileType = text.plist.xml; path = Info.plist; sourceTree = "<group>"; };
		54F4ED531C86C9C20031A9BB /* EventsListUITests.xctest */ = {isa = PBXFileReference; explicitFileType = wrapper.cfbundle; includeInIndex = 0; path = EventsListUITests.xctest; sourceTree = BUILT_PRODUCTS_DIR; };
		54F4ED571C86C9C20031A9BB /* EventsListUITests.swift */ = {isa = PBXFileReference; lastKnownFileType = sourcecode.swift; path = EventsListUITests.swift; sourceTree = "<group>"; };
		54F4ED591C86C9C20031A9BB /* Info.plist */ = {isa = PBXFileReference; lastKnownFileType = text.plist.xml; path = Info.plist; sourceTree = "<group>"; };
		54F4ED651C86CA890031A9BB /* MainIPad.storyboard */ = {isa = PBXFileReference; fileEncoding = 4; lastKnownFileType = file.storyboard; path = MainIPad.storyboard; sourceTree = "<group>"; };
		54F4ED671C86CBFC0031A9BB /* MainIPhoneCVC.swift */ = {isa = PBXFileReference; fileEncoding = 4; lastKnownFileType = sourcecode.swift; path = MainIPhoneCVC.swift; sourceTree = "<group>"; };
		54F4ED691C86CCF20031A9BB /* EventModel.swift */ = {isa = PBXFileReference; fileEncoding = 4; lastKnownFileType = sourcecode.swift; path = EventModel.swift; sourceTree = "<group>"; };
		54F4ED6B1C86CD5E0031A9BB /* DataSource.swift */ = {isa = PBXFileReference; fileEncoding = 4; lastKnownFileType = sourcecode.swift; path = DataSource.swift; sourceTree = "<group>"; };
/* End PBXFileReference section */

/* Begin PBXFrameworksBuildPhase section */
		54F4ED2E1C86C9C10031A9BB /* Frameworks */ = {
			isa = PBXFrameworksBuildPhase;
			buildActionMask = 2147483647;
			files = (
			);
			runOnlyForDeploymentPostprocessing = 0;
		};
		54F4ED451C86C9C20031A9BB /* Frameworks */ = {
			isa = PBXFrameworksBuildPhase;
			buildActionMask = 2147483647;
			files = (
			);
			runOnlyForDeploymentPostprocessing = 0;
		};
		54F4ED501C86C9C20031A9BB /* Frameworks */ = {
			isa = PBXFrameworksBuildPhase;
			buildActionMask = 2147483647;
			files = (
			);
			runOnlyForDeploymentPostprocessing = 0;
		};
/* End PBXFrameworksBuildPhase section */

/* Begin PBXGroup section */
		54F4ED281C86C9C10031A9BB = {
			isa = PBXGroup;
			children = (
				54F4ED331C86C9C20031A9BB /* EventsList */,
				54F4ED4B1C86C9C20031A9BB /* EventsListTests */,
				54F4ED561C86C9C20031A9BB /* EventsListUITests */,
				54F4ED321C86C9C20031A9BB /* Products */,
			);
			sourceTree = "<group>";
		};
		54F4ED321C86C9C20031A9BB /* Products */ = {
			isa = PBXGroup;
			children = (
				54F4ED311C86C9C20031A9BB /* EventsList.app */,
				54F4ED481C86C9C20031A9BB /* EventsListTests.xctest */,
				54F4ED531C86C9C20031A9BB /* EventsListUITests.xctest */,
			);
			name = Products;
			sourceTree = "<group>";
		};
		54F4ED331C86C9C20031A9BB /* EventsList */ = {
			isa = PBXGroup;
			children = (
				54F4ED341C86C9C20031A9BB /* AppDelegate.swift */,
				54F4ED361C86C9C20031A9BB /* ViewController.swift */,
				54F4ED381C86C9C20031A9BB /* Main.storyboard */,
				54F4ED671C86CBFC0031A9BB /* MainIPhoneCVC.swift */,
				54F4ED651C86CA890031A9BB /* MainIPad.storyboard */,
				54F4ED401C86C9C20031A9BB /* LaunchScreen.storyboard */,
				54F4ED3E1C86C9C20031A9BB /* Assets.xcassets */,
				54F4ED431C86C9C20031A9BB /* Info.plist */,
				54F4ED3B1C86C9C20031A9BB /* EventsList.xcdatamodeld */,
				54F4ED691C86CCF20031A9BB /* EventModel.swift */,
				54F4ED6B1C86CD5E0031A9BB /* DataSource.swift */,
			);
			path = EventsList;
			sourceTree = "<group>";
		};
		54F4ED4B1C86C9C20031A9BB /* EventsListTests */ = {
			isa = PBXGroup;
			children = (
				54F4ED4C1C86C9C20031A9BB /* EventsListTests.swift */,
				54F4ED4E1C86C9C20031A9BB /* Info.plist */,
			);
			path = EventsListTests;
			sourceTree = "<group>";
		};
		54F4ED561C86C9C20031A9BB /* EventsListUITests */ = {
			isa = PBXGroup;
			children = (
				54F4ED571C86C9C20031A9BB /* EventsListUITests.swift */,
				54F4ED591C86C9C20031A9BB /* Info.plist */,
			);
			path = EventsListUITests;
			sourceTree = "<group>";
		};
/* End PBXGroup section */

/* Begin PBXNativeTarget section */
		54F4ED301C86C9C10031A9BB /* EventsList */ = {
			isa = PBXNativeTarget;
			buildConfigurationList = 54F4ED5C1C86C9C20031A9BB /* Build configuration list for PBXNativeTarget "EventsList" */;
			buildPhases = (
				54F4ED2D1C86C9C10031A9BB /* Sources */,
				54F4ED2E1C86C9C10031A9BB /* Frameworks */,
				54F4ED2F1C86C9C10031A9BB /* Resources */,
			);
			buildRules = (
			);
			dependencies = (
			);
			name = EventsList;
			productName = EventsList;
			productReference = 54F4ED311C86C9C20031A9BB /* EventsList.app */;
			productType = "com.apple.product-type.application";
		};
		54F4ED471C86C9C20031A9BB /* EventsListTests */ = {
			isa = PBXNativeTarget;
			buildConfigurationList = 54F4ED5F1C86C9C20031A9BB /* Build configuration list for PBXNativeTarget "EventsListTests" */;
			buildPhases = (
				54F4ED441C86C9C20031A9BB /* Sources */,
				54F4ED451C86C9C20031A9BB /* Frameworks */,
				54F4ED461C86C9C20031A9BB /* Resources */,
			);
			buildRules = (
			);
			dependencies = (
				54F4ED4A1C86C9C20031A9BB /* PBXTargetDependency */,
			);
			name = EventsListTests;
			productName = EventsListTests;
			productReference = 54F4ED481C86C9C20031A9BB /* EventsListTests.xctest */;
			productType = "com.apple.product-type.bundle.unit-test";
		};
		54F4ED521C86C9C20031A9BB /* EventsListUITests */ = {
			isa = PBXNativeTarget;
			buildConfigurationList = 54F4ED621C86C9C20031A9BB /* Build configuration list for PBXNativeTarget "EventsListUITests" */;
			buildPhases = (
				54F4ED4F1C86C9C20031A9BB /* Sources */,
				54F4ED501C86C9C20031A9BB /* Frameworks */,
				54F4ED511C86C9C20031A9BB /* Resources */,
			);
			buildRules = (
			);
			dependencies = (
				54F4ED551C86C9C20031A9BB /* PBXTargetDependency */,
			);
			name = EventsListUITests;
			productName = EventsListUITests;
			productReference = 54F4ED531C86C9C20031A9BB /* EventsListUITests.xctest */;
			productType = "com.apple.product-type.bundle.ui-testing";
		};
/* End PBXNativeTarget section */

/* Begin PBXProject section */
		54F4ED291C86C9C10031A9BB /* Project object */ = {
			isa = PBXProject;
			attributes = {
				LastSwiftUpdateCheck = 0720;
				LastUpgradeCheck = 0720;
				ORGANIZATIONNAME = "Hamagain LLC";
				TargetAttributes = {
					54F4ED301C86C9C10031A9BB = {
						CreatedOnToolsVersion = 7.2.1;
						DevelopmentTeam = C3YDZ7M5S2;
					};
					54F4ED471C86C9C20031A9BB = {
						CreatedOnToolsVersion = 7.2.1;
						TestTargetID = 54F4ED301C86C9C10031A9BB;
					};
					54F4ED521C86C9C20031A9BB = {
						CreatedOnToolsVersion = 7.2.1;
						TestTargetID = 54F4ED301C86C9C10031A9BB;
					};
				};
			};
			buildConfigurationList = 54F4ED2C1C86C9C10031A9BB /* Build configuration list for PBXProject "EventsList" */;
			compatibilityVersion = "Xcode 3.2";
			developmentRegion = English;
			hasScannedForEncodings = 0;
			knownRegions = (
				en,
				Base,
			);
			mainGroup = 54F4ED281C86C9C10031A9BB;
			productRefGroup = 54F4ED321C86C9C20031A9BB /* Products */;
			projectDirPath = "";
			projectRoot = "";
			targets = (
				54F4ED301C86C9C10031A9BB /* EventsList */,
				54F4ED471C86C9C20031A9BB /* EventsListTests */,
				54F4ED521C86C9C20031A9BB /* EventsListUITests */,
			);
		};
/* End PBXProject section */

/* Begin PBXResourcesBuildPhase section */
		54F4ED2F1C86C9C10031A9BB /* Resources */ = {
			isa = PBXResourcesBuildPhase;
			buildActionMask = 2147483647;
			files = (
				54F4ED421C86C9C20031A9BB /* LaunchScreen.storyboard in Resources */,
				54F4ED661C86CA890031A9BB /* MainIPad.storyboard in Resources */,
				54F4ED3F1C86C9C20031A9BB /* Assets.xcassets in Resources */,
				54F4ED3A1C86C9C20031A9BB /* Main.storyboard in Resources */,
			);
			runOnlyForDeploymentPostprocessing = 0;
		};
		54F4ED461C86C9C20031A9BB /* Resources */ = {
			isa = PBXResourcesBuildPhase;
			buildActionMask = 2147483647;
			files = (
			);
			runOnlyForDeploymentPostprocessing = 0;
		};
		54F4ED511C86C9C20031A9BB /* Resources */ = {
			isa = PBXResourcesBuildPhase;
			buildActionMask = 2147483647;
			files = (
			);
			runOnlyForDeploymentPostprocessing = 0;
		};
/* End PBXResourcesBuildPhase section */

/* Begin PBXSourcesBuildPhase section */
		54F4ED2D1C86C9C10031A9BB /* Sources */ = {
			isa = PBXSourcesBuildPhase;
			buildActionMask = 2147483647;
			files = (
				54F4ED6C1C86CD5E0031A9BB /* DataSource.swift in Sources */,
				54F4ED371C86C9C20031A9BB /* ViewController.swift in Sources */,
				54F4ED351C86C9C20031A9BB /* AppDelegate.swift in Sources */,
				54F4ED681C86CBFC0031A9BB /* MainIPhoneCVC.swift in Sources */,
				54F4ED6A1C86CCF20031A9BB /* EventModel.swift in Sources */,
				54F4ED3D1C86C9C20031A9BB /* EventsList.xcdatamodeld in Sources */,
			);
			runOnlyForDeploymentPostprocessing = 0;
		};
		54F4ED441C86C9C20031A9BB /* Sources */ = {
			isa = PBXSourcesBuildPhase;
			buildActionMask = 2147483647;
			files = (
				54F4ED4D1C86C9C20031A9BB /* EventsListTests.swift in Sources */,
			);
			runOnlyForDeploymentPostprocessing = 0;
		};
		54F4ED4F1C86C9C20031A9BB /* Sources */ = {
			isa = PBXSourcesBuildPhase;
			buildActionMask = 2147483647;
			files = (
				54F4ED581C86C9C20031A9BB /* EventsListUITests.swift in Sources */,
			);
			runOnlyForDeploymentPostprocessing = 0;
		};
/* End PBXSourcesBuildPhase section */

/* Begin PBXTargetDependency section */
		54F4ED4A1C86C9C20031A9BB /* PBXTargetDependency */ = {
			isa = PBXTargetDependency;
			target = 54F4ED301C86C9C10031A9BB /* EventsList */;
			targetProxy = 54F4ED491C86C9C20031A9BB /* PBXContainerItemProxy */;
		};
		54F4ED551C86C9C20031A9BB /* PBXTargetDependency */ = {
			isa = PBXTargetDependency;
			target = 54F4ED301C86C9C10031A9BB /* EventsList */;
			targetProxy = 54F4ED541C86C9C20031A9BB /* PBXContainerItemProxy */;
		};
/* End PBXTargetDependency section */

/* Begin PBXVariantGroup section */
		54F4ED381C86C9C20031A9BB /* Main.storyboard */ = {
			isa = PBXVariantGroup;
			children = (
				54F4ED391C86C9C20031A9BB /* Base */,
			);
			name = Main.storyboard;
			sourceTree = "<group>";
		};
		54F4ED401C86C9C20031A9BB /* LaunchScreen.storyboard */ = {
			isa = PBXVariantGroup;
			children = (
				54F4ED411C86C9C20031A9BB /* Base */,
			);
			name = LaunchScreen.storyboard;
			sourceTree = "<group>";
		};
/* End PBXVariantGroup section */

/* Begin XCBuildConfiguration section */
		54F4ED5A1C86C9C20031A9BB /* Debug */ = {
			isa = XCBuildConfiguration;
			buildSettings = {
				ALWAYS_SEARCH_USER_PATHS = NO;
				CLANG_CXX_LANGUAGE_STANDARD = "gnu++0x";
				CLANG_CXX_LIBRARY = "libc++";
				CLANG_ENABLE_MODULES = YES;
				CLANG_ENABLE_OBJC_ARC = YES;
				CLANG_WARN_BOOL_CONVERSION = YES;
				CLANG_WARN_CONSTANT_CONVERSION = YES;
				CLANG_WARN_DIRECT_OBJC_ISA_USAGE = YES_ERROR;
				CLANG_WARN_EMPTY_BODY = YES;
				CLANG_WARN_ENUM_CONVERSION = YES;
				CLANG_WARN_INT_CONVERSION = YES;
				CLANG_WARN_OBJC_ROOT_CLASS = YES_ERROR;
				CLANG_WARN_UNREACHABLE_CODE = YES;
				CLANG_WARN__DUPLICATE_METHOD_MATCH = YES;
				"CODE_SIGN_IDENTITY[sdk=iphoneos*]" = "iPhone Developer";
				COPY_PHASE_STRIP = NO;
				DEBUG_INFORMATION_FORMAT = dwarf;
				ENABLE_STRICT_OBJC_MSGSEND = YES;
				ENABLE_TESTABILITY = YES;
				GCC_C_LANGUAGE_STANDARD = gnu99;
				GCC_DYNAMIC_NO_PIC = NO;
				GCC_NO_COMMON_BLOCKS = YES;
				GCC_OPTIMIZATION_LEVEL = 0;
				GCC_PREPROCESSOR_DEFINITIONS = (
					"DEBUG=1",
					"$(inherited)",
				);
				GCC_WARN_64_TO_32_BIT_CONVERSION = YES;
				GCC_WARN_ABOUT_RETURN_TYPE = YES_ERROR;
				GCC_WARN_UNDECLARED_SELECTOR = YES;
				GCC_WARN_UNINITIALIZED_AUTOS = YES_AGGRESSIVE;
				GCC_WARN_UNUSED_FUNCTION = YES;
				GCC_WARN_UNUSED_VARIABLE = YES;
				IPHONEOS_DEPLOYMENT_TARGET = 9.2;
				MTL_ENABLE_DEBUG_INFO = YES;
				ONLY_ACTIVE_ARCH = YES;
				SDKROOT = iphoneos;
				SWIFT_OPTIMIZATION_LEVEL = "-Onone";
				TARGETED_DEVICE_FAMILY = "1,2";
			};
			name = Debug;
		};
		54F4ED5B1C86C9C20031A9BB /* Release */ = {
			isa = XCBuildConfiguration;
			buildSettings = {
				ALWAYS_SEARCH_USER_PATHS = NO;
				CLANG_CXX_LANGUAGE_STANDARD = "gnu++0x";
				CLANG_CXX_LIBRARY = "libc++";
				CLANG_ENABLE_MODULES = YES;
				CLANG_ENABLE_OBJC_ARC = YES;
				CLANG_WARN_BOOL_CONVERSION = YES;
				CLANG_WARN_CONSTANT_CONVERSION = YES;
				CLANG_WARN_DIRECT_OBJC_ISA_USAGE = YES_ERROR;
				CLANG_WARN_EMPTY_BODY = YES;
				CLANG_WARN_ENUM_CONVERSION = YES;
				CLANG_WARN_INT_CONVERSION = YES;
				CLANG_WARN_OBJC_ROOT_CLASS = YES_ERROR;
				CLANG_WARN_UNREACHABLE_CODE = YES;
				CLANG_WARN__DUPLICATE_METHOD_MATCH = YES;
				"CODE_SIGN_IDENTITY[sdk=iphoneos*]" = "iPhone Developer";
				COPY_PHASE_STRIP = NO;
				DEBUG_INFORMATION_FORMAT = "dwarf-with-dsym";
				ENABLE_NS_ASSERTIONS = NO;
				ENABLE_STRICT_OBJC_MSGSEND = YES;
				GCC_C_LANGUAGE_STANDARD = gnu99;
				GCC_NO_COMMON_BLOCKS = YES;
				GCC_WARN_64_TO_32_BIT_CONVERSION = YES;
				GCC_WARN_ABOUT_RETURN_TYPE = YES_ERROR;
				GCC_WARN_UNDECLARED_SELECTOR = YES;
				GCC_WARN_UNINITIALIZED_AUTOS = YES_AGGRESSIVE;
				GCC_WARN_UNUSED_FUNCTION = YES;
				GCC_WARN_UNUSED_VARIABLE = YES;
				IPHONEOS_DEPLOYMENT_TARGET = 9.2;
				MTL_ENABLE_DEBUG_INFO = NO;
				SDKROOT = iphoneos;
				TARGETED_DEVICE_FAMILY = "1,2";
				VALIDATE_PRODUCT = YES;
			};
			name = Release;
		};
		54F4ED5D1C86C9C20031A9BB /* Debug */ = {
			isa = XCBuildConfiguration;
			buildSettings = {
				ASSETCATALOG_COMPILER_APPICON_NAME = AppIcon;
				CODE_SIGN_IDENTITY = "iPhone Developer";
				INFOPLIST_FILE = EventsList/Info.plist;
				LD_RUNPATH_SEARCH_PATHS = "$(inherited) @executable_path/Frameworks";
				PRODUCT_BUNDLE_IDENTIFIER = "David-Vincent-Hanagan.EventsList";
				PRODUCT_NAME = "$(TARGET_NAME)";
				TARGETED_DEVICE_FAMILY = 1;
			};
			name = Debug;
		};
		54F4ED5E1C86C9C20031A9BB /* Release */ = {
			isa = XCBuildConfiguration;
			buildSettings = {
				ASSETCATALOG_COMPILER_APPICON_NAME = AppIcon;
				CODE_SIGN_IDENTITY = "iPhone Developer";
				INFOPLIST_FILE = EventsList/Info.plist;
				LD_RUNPATH_SEARCH_PATHS = "$(inherited) @executable_path/Frameworks";
				PRODUCT_BUNDLE_IDENTIFIER = "David-Vincent-Hanagan.EventsList";
				PRODUCT_NAME = "$(TARGET_NAME)";
				TARGETED_DEVICE_FAMILY = 1;
			};
			name = Release;
		};
		54F4ED601C86C9C20031A9BB /* Debug */ = {
			isa = XCBuildConfiguration;
			buildSettings = {
				BUNDLE_LOADER = "$(TEST_HOST)";
				INFOPLIST_FILE = EventsListTests/Info.plist;
				LD_RUNPATH_SEARCH_PATHS = "$(inherited) @executable_path/Frameworks @loader_path/Frameworks";
				PRODUCT_BUNDLE_IDENTIFIER = "David-Vincent-Hanagan.EventsListTests";
				PRODUCT_NAME = "$(TARGET_NAME)";
				TEST_HOST = "$(BUILT_PRODUCTS_DIR)/EventsList.app/EventsList";
			};
			name = Debug;
		};
		54F4ED611C86C9C20031A9BB /* Release */ = {
			isa = XCBuildConfiguration;
			buildSettings = {
				BUNDLE_LOADER = "$(TEST_HOST)";
				INFOPLIST_FILE = EventsListTests/Info.plist;
				LD_RUNPATH_SEARCH_PATHS = "$(inherited) @executable_path/Frameworks @loader_path/Frameworks";
				PRODUCT_BUNDLE_IDENTIFIER = "David-Vincent-Hanagan.EventsListTests";
				PRODUCT_NAME = "$(TARGET_NAME)";
				TEST_HOST = "$(BUILT_PRODUCTS_DIR)/EventsList.app/EventsList";
			};
			name = Release;
		};
		54F4ED631C86C9C20031A9BB /* Debug */ = {
			isa = XCBuildConfiguration;
			buildSettings = {
				INFOPLIST_FILE = EventsListUITests/Info.plist;
				LD_RUNPATH_SEARCH_PATHS = "$(inherited) @executable_path/Frameworks @loader_path/Frameworks";
				PRODUCT_BUNDLE_IDENTIFIER = "David-Vincent-Hanagan.EventsListUITests";
				PRODUCT_NAME = "$(TARGET_NAME)";
				TEST_TARGET_NAME = EventsList;
				USES_XCTRUNNER = YES;
			};
			name = Debug;
		};
		54F4ED641C86C9C20031A9BB /* Release */ = {
			isa = XCBuildConfiguration;
			buildSettings = {
				INFOPLIST_FILE = EventsListUITests/Info.plist;
				LD_RUNPATH_SEARCH_PATHS = "$(inherited) @executable_path/Frameworks @loader_path/Frameworks";
				PRODUCT_BUNDLE_IDENTIFIER = "David-Vincent-Hanagan.EventsListUITests";
				PRODUCT_NAME = "$(TARGET_NAME)";
				TEST_TARGET_NAME = EventsList;
				USES_XCTRUNNER = YES;
			};
			name = Release;
		};
/* End XCBuildConfiguration section */

/* Begin XCConfigurationList section */
		54F4ED2C1C86C9C10031A9BB /* Build configuration list for PBXProject "EventsList" */ = {
			isa = XCConfigurationList;
			buildConfigurations = (
				54F4ED5A1C86C9C20031A9BB /* Debug */,
				54F4ED5B1C86C9C20031A9BB /* Release */,
			);
			defaultConfigurationIsVisible = 0;
			defaultConfigurationName = Release;
		};
		54F4ED5C1C86C9C20031A9BB /* Build configuration list for PBXNativeTarget "EventsList" */ = {
			isa = XCConfigurationList;
			buildConfigurations = (
				54F4ED5D1C86C9C20031A9BB /* Debug */,
				54F4ED5E1C86C9C20031A9BB /* Release */,
			);
			defaultConfigurationIsVisible = 0;
		};
		54F4ED5F1C86C9C20031A9BB /* Build configuration list for PBXNativeTarget "EventsListTests" */ = {
			isa = XCConfigurationList;
			buildConfigurations = (
				54F4ED601C86C9C20031A9BB /* Debug */,
				54F4ED611C86C9C20031A9BB /* Release */,
			);
			defaultConfigurationIsVisible = 0;
		};
		54F4ED621C86C9C20031A9BB /* Build configuration list for PBXNativeTarget "EventsListUITests" */ = {
			isa = XCConfigurationList;
			buildConfigurations = (
				54F4ED631C86C9C20031A9BB /* Debug */,
				54F4ED641C86C9C20031A9BB /* Release */,
			);
			defaultConfigurationIsVisible = 0;
		};
/* End XCConfigurationList section */

/* Begin XCVersionGroup section */
		54F4ED3B1C86C9C20031A9BB /* EventsList.xcdatamodeld */ = {
			isa = XCVersionGroup;
			children = (
				54F4ED3C1C86C9C20031A9BB /* EventsList.xcdatamodel */,
			);
			currentVersion = 54F4ED3C1C86C9C20031A9BB /* EventsList.xcdatamodel */;
			path = EventsList.xcdatamodeld;
			sourceTree = "<group>";
			versionGroupType = wrapper.xcdatamodel;
		};
/* End XCVersionGroup section */
	};
	rootObject = 54F4ED291C86C9C10031A9BB /* Project object */;
}
